
Microsoft Visual Studio Solution File, Format Version 12.00
# Visual Studio Version 17
VisualStudioVersion = 17.7.34031.279
MinimumVisualStudioVersion = 10.0.40219.1
Project("{FAE04EC0-301F-11D3-BF4B-00C04F79EFBC}") = "MongoMflix.API", "MongoMflix.API\MongoMflix.API.csproj", "{483AF856-7096-4DAD-81A1-73753E8F46AD}"
EndProject
Global
	GlobalSection(SolutionConfigurationPlatforms) = preSolution
		Debug|Any CPU = Debug|Any CPU
		Release|Any CPU = Release|Any CPU
	EndGlobalSection
	GlobalSection(ProjectConfigurationPlatforms) = postSolution
		{483AF856-7096-4DAD-81A1-73753E8F46AD}.Debug|Any CPU.ActiveCfg = Debug|Any CPU
		{483AF856-7096-4DAD-81A1-73753E8F46AD}.Debug|Any CPU.Build.0 = Debug|Any CPU
		{483AF856-7096-4DAD-81A1-73753E8F46AD}.Release|Any CPU.ActiveCfg = Release|Any CPU
		{483AF856-7096-4DAD-81A1-73753E8F46AD}.Release|Any CPU.Build.0 = Release|Any CPU
	EndGlobalSection
	GlobalSection(SolutionProperties) = preSolution
		HideSolutionNode = FALSE
	EndGlobalSection
	GlobalSection(ExtensibilityGlobals) = postSolution
		SolutionGuid = {98A9C9C4-272D-47AA-BCC7-CE43581D7619}
	EndGlobalSection
EndGlobal
